
Microsoft Visual Studio Solution File, Format Version 12.00
# Visual Studio Version 17
VisualStudioVersion = 17.3.32825.248
MinimumVisualStudioVersion = 10.0.40219.1
Project("{9A19103F-16F7-4668-BE54-9A1E7A4F7556}") = "Ex1", "Lab4CSharp\Ex1.csproj", "{9ACA5B19-3B18-476F-A287-38A12C8DD1F7}"
EndProject
Project("{FAE04EC0-301F-11D3-BF4B-00C04F79EFBC}") = "Ex2Vector", "Ex2\Ex2Vector.csproj", "{6114E2DC-1851-4040-8227-F5389D70736B}"
EndProject
Project("{FAE04EC0-301F-11D3-BF4B-00C04F79EFBC}") = "Ex2VectorTest", "Ex2VectorTest\Ex2VectorTest.csproj", "{CED6308E-200B-452C-92A0-54842E36F801}"
EndProject
Global
	GlobalSection(SolutionConfigurationPlatforms) = preSolution
		Debug|Any CPU = Debug|Any CPU
		Release|Any CPU = Release|Any CPU
	EndGlobalSection
	GlobalSection(ProjectConfigurationPlatforms) = postSolution
		{9ACA5B19-3B18-476F-A287-38A12C8DD1F7}.Debug|Any CPU.ActiveCfg = Debug|Any CPU
		{9ACA5B19-3B18-476F-A287-38A12C8DD1F7}.Debug|Any CPU.Build.0 = Debug|Any CPU
		{9ACA5B19-3B18-476F-A287-38A12C8DD1F7}.Release|Any CPU.ActiveCfg = Release|Any CPU
		{9ACA5B19-3B18-476F-A287-38A12C8DD1F7}.Release|Any CPU.Build.0 = Release|Any CPU
		{6114E2DC-1851-4040-8227-F5389D70736B}.Debug|Any CPU.ActiveCfg = Debug|Any CPU
		{6114E2DC-1851-4040-8227-F5389D70736B}.Debug|Any CPU.Build.0 = Debug|Any CPU
		{6114E2DC-1851-4040-8227-F5389D70736B}.Release|Any CPU.ActiveCfg = Release|Any CPU
		{6114E2DC-1851-4040-8227-F5389D70736B}.Release|Any CPU.Build.0 = Release|Any CPU
		{CED6308E-200B-452C-92A0-54842E36F801}.Debug|Any CPU.ActiveCfg = Debug|Any CPU
		{CED6308E-200B-452C-92A0-54842E36F801}.Debug|Any CPU.Build.0 = Debug|Any CPU
		{CED6308E-200B-452C-92A0-54842E36F801}.Release|Any CPU.ActiveCfg = Release|Any CPU
		{CED6308E-200B-452C-92A0-54842E36F801}.Release|Any CPU.Build.0 = Release|Any CPU
	EndGlobalSection
	GlobalSection(SolutionProperties) = preSolution
		HideSolutionNode = FALSE
	EndGlobalSection
	GlobalSection(ExtensibilityGlobals) = postSolution
		SolutionGuid = {F9960BC7-9E61-456D-A781-31257141F3DB}
	EndGlobalSection
EndGlobal
